
Microsoft Visual Studio Solution File, Format Version 11.00
# Visual Studio 2010
Project("{FAE04EC0-301F-11D3-BF4B-00C04F79EFBC}") = "ContextualLifetimeScope", "Source\ContextualLifetimeScope.csproj", "{966975E8-5431-4354-B9F4-3F72C4073143}"
EndProject
Global
	GlobalSection(SolutionConfigurationPlatforms) = preSolution
		Debug|Any CPU = Debug|Any CPU
		Release|Any CPU = Release|Any CPU
	EndGlobalSection
	GlobalSection(ProjectConfigurationPlatforms) = postSolution
		{966975E8-5431-4354-B9F4-3F72C4073143}.Debug|Any CPU.ActiveCfg = Debug|Any CPU
		{966975E8-5431-4354-B9F4-3F72C4073143}.Debug|Any CPU.Build.0 = Debug|Any CPU
		{966975E8-5431-4354-B9F4-3F72C4073143}.Release|Any CPU.ActiveCfg = Release|Any CPU
		{966975E8-5431-4354-B9F4-3F72C4073143}.Release|Any CPU.Build.0 = Release|Any CPU
	EndGlobalSection
	GlobalSection(SolutionProperties) = preSolution
		HideSolutionNode = FALSE
	EndGlobalSection
EndGlobal
